<<<<<<< HEAD
github.com/Ssnakyx/HangMan____ v0.0.0-20231219153206-9b99c93829e1 h1:q/ly+ckCLCUFlQBpTxifEgqB0nTlsKl4egVRPGfNLiU=
github.com/Ssnakyx/HangMan____ v0.0.0-20231219153206-9b99c93829e1/go.mod h1:0AXLSYvVw/9kzs8MTkMJLD6LhQOEl7pj9sM3yG79fH4=
github.com/Ssnakyx/HangMan____ v0.0.0-20231221125622-a2ae4910c52a h1:X0VUX5vpXKjQ+DGUZ9SxaxRzWIQqDO7r3jGsNxhVqw8=
github.com/Ssnakyx/HangMan____ v0.0.0-20231221125622-a2ae4910c52a/go.mod h1:0AXLSYvVw/9kzs8MTkMJLD6LhQOEl7pj9sM3yG79fH4=
github.com/Ssnakyx/HangMan____ v0.0.0-20240109001233-40454829888e h1:FgRbFX1pUagAGpOvBNliIpAi4OVOjFUmeZp9hKtrDAI=
github.com/Ssnakyx/HangMan____ v0.0.0-20240109001233-40454829888e/go.mod h1:0AXLSYvVw/9kzs8MTkMJLD6LhQOEl7pj9sM3yG79fH4=
=======
github.com/Ssnakyx/HangMan____ v0.0.0-20231214125646-ae70c2637fd5 h1:prOXikilHmKxNdaM3Uo2CtdwLCz+yLyzCwtaOzTp1aQ=
github.com/Ssnakyx/HangMan____ v0.0.0-20231214125646-ae70c2637fd5/go.mod h1:0AXLSYvVw/9kzs8MTkMJLD6LhQOEl7pj9sM3yG79fH4=
github.com/Ssnakyx/HangMan____ v0.0.0-20231219141200-0784e69381d8 h1:JJOOTsNoxudMoIuGtjHbgKsxOsnWmkh5IHimHCya/d4=
github.com/Ssnakyx/HangMan____ v0.0.0-20231219141200-0784e69381d8/go.mod h1:0AXLSYvVw/9kzs8MTkMJLD6LhQOEl7pj9sM3yG79fH4=
>>>>>>> main
