github.com/Ssnakyx/HangMan____ v0.0.0-20231214125646-ae70c2637fd5 h1:prOXikilHmKxNdaM3Uo2CtdwLCz+yLyzCwtaOzTp1aQ=
github.com/Ssnakyx/HangMan____ v0.0.0-20231214125646-ae70c2637fd5/go.mod h1:0AXLSYvVw/9kzs8MTkMJLD6LhQOEl7pj9sM3yG79fH4=
github.com/Ssnakyx/HangMan____ v0.0.0-20231219141200-0784e69381d8 h1:JJOOTsNoxudMoIuGtjHbgKsxOsnWmkh5IHimHCya/d4=
github.com/Ssnakyx/HangMan____ v0.0.0-20231219141200-0784e69381d8/go.mod h1:0AXLSYvVw/9kzs8MTkMJLD6LhQOEl7pj9sM3yG79fH4=
